<?xml version="1.0"?>
<CONFIG>
  <ProjectOptions>
    <Version Value="12"/>
    <General>
      <Flags>
        <MainUnitHasUsesSectionForAllUnits Value="False"/>
        <MainUnitHasCreateFormStatements Value="False"/>
        <MainUnitHasTitleStatement Value="False"/>
      </Flags>
      <SessionStorage Value="InProjectDir"/>
      <MainUnit Value="0"/>
      <Title Value="marathon"/>
      <UseAppBundle Value="False"/>
      <ResourceType Value="res"/>
    </General>
    <i18n>
      <EnableI18N LFM="False"/>
    </i18n>
    <VersionInfo>
      <StringTable ProductVersion=""/>
    </VersionInfo>
    <BuildModes Count="2">
      <Item1 Name="Debug" Default="True">
        <CompilerOptions>
          <Version Value="12"/>
          <SearchPaths>
            <IncludeFiles Value="../Common;../CreateDBWizard;../MetaExtract;../../lib/Other;../../lib/SyntaxMemoWithStuff2;$(ProjOutDir)"/>
            <OtherUnitFiles Value="../Common;../CreateDBWizard;../MetaExtract;../../lib/Other;/home/mariuz/work/gmarathon-freepascal/lib/SyntaxMemoWithStuff2"/>
          </SearchPaths>
          <Parsing>
            <SyntaxOptions>
              <SyntaxMode Value="Delphi"/>
            </SyntaxOptions>
          </Parsing>
          <CodeGeneration>
            <Checks>
              <IOChecks Value="True"/>
            </Checks>
            <TargetCPU Value="x86_64"/>
            <TargetOS Value="linux"/>
          </CodeGeneration>
          <Linking>
            <Debugging>
              <GenerateDebugInfo Value="True"/>
              <DebugInfoType Value="dsDwarf2Set"/>
            </Debugging>
          </Linking>
          <Other>
            <CompilerMessages>
              <MsgFileName Value=""/>
            </CompilerMessages>
            <CompilerPath Value="$(CompPath)"/>
          </Other>
        </CompilerOptions>
      </Item1>
      <Item2 Name="Release">
        <CompilerOptions>
          <Version Value="12"/>
          <SearchPaths>
            <IncludeFiles Value="../Common;../CreateDBWizard;../MetaExtract;../../lib/Other;../../lib/SyntaxMemoWithStuff2;$(ProjOutDir)"/>
            <OtherUnitFiles Value="../Common;../CreateDBWizard;../MetaExtract;../../lib/Other;/home/mariuz/work/gmarathon-freepascal/lib/SyntaxMemoWithStuff2"/>
          </SearchPaths>
          <Parsing>
            <SyntaxOptions>
              <SyntaxMode Value="Delphi"/>
            </SyntaxOptions>
          </Parsing>
          <CodeGeneration>
            <SmartLinkUnit Value="True"/>
            <Optimizations>
              <OptimizationLevel Value="2"/>
            </Optimizations>
            <TargetCPU Value="x86_64"/>
            <TargetOS Value="linux"/>
          </CodeGeneration>
          <Linking>
            <Debugging>
              <GenerateDebugInfo Value="False"/>
              <StripSymbols Value="True"/>
            </Debugging>
            <LinkSmart Value="True"/>
          </Linking>
          <Other>
            <CompilerMessages>
              <MsgFileName Value=""/>
            </CompilerMessages>
            <CompilerPath Value="$(CompPath)"/>
          </Other>
        </CompilerOptions>
      </Item2>
    </BuildModes>
    <PublishOptions>
      <Version Value="2"/>
      <IncludeFileFilter Value="*.(pas|pp|inc|lfm|lpr|lrs|lpi|lpk|sh|xml)"/>
      <ExcludeFileFilter Value="*.(bak|ppu|o|so);*~;backup"/>
    </PublishOptions>
    <RunParams>
      <local>
        <FormatVersion Value="1"/>
        <LaunchingApplication PathPlusParams="/usr/bin/xterm -T 'Lazarus Run Output' -e $(LazarusDir)/tools/runwait.sh $(TargetCmdLine)"/>
      </local>
    </RunParams>
    <RequiredPackages Count="4">
      <Item1>
        <PackageName Value="SynEdit"/>
      </Item1>
      <Item2>
        <PackageName Value="LCL"/>
      </Item2>
      <Item3>
        <PackageName Value="Printer4Lazarus"/>
      </Item3>
      <Item4>
        <PackageName Value="TAChartLazarusPkg"/>
      </Item4>
    </RequiredPackages>
    <Units Count="98">
      <Unit0>
        <Filename Value="marathon.lpr"/>
        <IsPartOfProject Value="True"/>
      </Unit0>
      <Unit1>
        <Filename Value="MarathonMain.pas"/>
        <IsPartOfProject Value="True"/>
        <HasResources Value="True"/>
        <UnitName Value="MarathonMain"/>
      </Unit1>
      <Unit2>
        <Filename Value="../../lib/SyntaxMemoWithStuff2/SynEditDecorator.pas"/>
        <IsPartOfProject Value="True"/>
        <UnitName Value="SynEditDecorator"/>
      </Unit2>
      <Unit3>
        <Filename Value="Globals.pas"/>
        <IsPartOfProject Value="True"/>
        <UnitName Value="Globals"/>
      </Unit3>
      <Unit4>
        <Filename Value="SecureDBLogin.pas"/>
        <IsPartOfProject Value="True"/>
        <HasResources Value="True"/>
        <UnitName Value="SecureDBLogin"/>
      </Unit4>
      <Unit5>
        <Filename Value="EditorStoredProcedure.pas"/>
        <IsPartOfProject Value="True"/>
        <HasResources Value="True"/>
        <UnitName Value="EditorStoredProcedure"/>
      </Unit5>
      <Unit6>
        <Filename Value="EditorView.pas"/>
        <IsPartOfProject Value="True"/>
        <HasResources Value="True"/>
        <UnitName Value="EditorView"/>
      </Unit6>
      <Unit7>
        <Filename Value="NewObjectDialog.pas"/>
        <IsPartOfProject Value="True"/>
        <HasResources Value="True"/>
        <UnitName Value="NewObjectDialog"/>
      </Unit7>
      <Unit8>
        <Filename Value="DropObject.pas"/>
        <IsPartOfProject Value="True"/>
        <HasResources Value="True"/>
        <UnitName Value="DropObject"/>
      </Unit8>
      <Unit9>
        <Filename Value="StoredProcedureParams.pas"/>
        <IsPartOfProject Value="True"/>
        <HasResources Value="True"/>
        <UnitName Value="StoredProcedureParams"/>
      </Unit9>
      <Unit10>
        <Filename Value="SQLForm.pas"/>
        <IsPartOfProject Value="True"/>
        <HasResources Value="True"/>
        <UnitName Value="SQLForm"/>
      </Unit10>
      <Unit11>
        <Filename Value="MarathonOptions.pas"/>
        <IsPartOfProject Value="True"/>
        <HasResources Value="True"/>
        <UnitName Value="MarathonOptions"/>
      </Unit11>
      <Unit12>
        <Filename Value="PrintPreviewForm.pas"/>
        <IsPartOfProject Value="True"/>
        <HasResources Value="True"/>
        <UnitName Value="PrintPreviewForm"/>
      </Unit12>
      <Unit13>
        <Filename Value="../Common/AboutBox.pas"/>
        <IsPartOfProject Value="True"/>
        <HasResources Value="True"/>
        <UnitName Value="AboutBox"/>
      </Unit13>
      <Unit14>
        <Filename Value="EditorUDF.pas"/>
        <IsPartOfProject Value="True"/>
        <HasResources Value="True"/>
        <UnitName Value="EditorUDF"/>
      </Unit14>
      <Unit15>
        <Filename Value="InputDialog.pas"/>
        <IsPartOfProject Value="True"/>
        <HasResources Value="True"/>
        <UnitName Value="InputDialog"/>
      </Unit15>
      <Unit16>
        <Filename Value="NewTrigger.pas"/>
        <IsPartOfProject Value="True"/>
        <HasResources Value="True"/>
        <UnitName Value="NewTrigger"/>
      </Unit16>
      <Unit17>
        <Filename Value="StatementHistory.pas"/>
        <IsPartOfProject Value="True"/>
        <HasResources Value="True"/>
        <UnitName Value="StatementHistory"/>
      </Unit17>
      <Unit18>
        <Filename Value="SaveFileFormat.pas"/>
        <IsPartOfProject Value="True"/>
        <HasResources Value="True"/>
        <UnitName Value="SaveFileFormat"/>
      </Unit18>
      <Unit19>
        <Filename Value="WindowList.pas"/>
        <IsPartOfProject Value="True"/>
        <HasResources Value="True"/>
        <UnitName Value="WindowList"/>
      </Unit19>
      <Unit20>
        <Filename Value="UDFInputParam.pas"/>
        <IsPartOfProject Value="True"/>
        <HasResources Value="True"/>
        <UnitName Value="UDFInputParam"/>
      </Unit20>
      <Unit21>
        <Filename Value="UserEditor.pas"/>
        <IsPartOfProject Value="True"/>
        <HasResources Value="True"/>
        <UnitName Value="UserEditor"/>
      </Unit21>
      <Unit22>
        <Filename Value="ScriptEditorHost.pas"/>
        <IsPartOfProject Value="True"/>
        <HasResources Value="True"/>
        <UnitName Value="ScriptEditorHost"/>
      </Unit22>
      <Unit23>
        <Filename Value="EditorColumn.pas"/>
        <IsPartOfProject Value="True"/>
        <HasResources Value="True"/>
        <UnitName Value="EditorColumn"/>
      </Unit23>
      <Unit24>
        <Filename Value="EditorConstraint.pas"/>
        <IsPartOfProject Value="True"/>
        <HasResources Value="True"/>
        <UnitName Value="EditorConstraint"/>
      </Unit24>
      <Unit25>
        <Filename Value="EditorIndex.pas"/>
        <IsPartOfProject Value="True"/>
        <HasResources Value="True"/>
        <UnitName Value="EditorIndex"/>
      </Unit25>
      <Unit26>
        <Filename Value="BlobViewer.pas"/>
        <IsPartOfProject Value="True"/>
        <HasResources Value="True"/>
        <UnitName Value="BlobViewer"/>
      </Unit26>
      <Unit27>
        <Filename Value="SyntaxHelp.pas"/>
        <IsPartOfProject Value="True"/>
        <HasResources Value="True"/>
        <UnitName Value="SyntaxHelp"/>
      </Unit27>
      <Unit28>
        <Filename Value="CodeSnippets.pas"/>
        <IsPartOfProject Value="True"/>
        <HasResources Value="True"/>
        <UnitName Value="CodeSnippets"/>
      </Unit28>
      <Unit29>
        <Filename Value="SQLTrace.pas"/>
        <IsPartOfProject Value="True"/>
        <HasResources Value="True"/>
        <UnitName Value="SQLTrace"/>
      </Unit29>
      <Unit30>
        <Filename Value="SQLInsightItem.pas"/>
        <IsPartOfProject Value="True"/>
        <HasResources Value="True"/>
        <UnitName Value="SQLInsightItem"/>
      </Unit30>
      <Unit31>
        <Filename Value="QBuilder.pas"/>
        <IsPartOfProject Value="True"/>
        <HasResources Value="True"/>
        <UnitName Value="QBuilder"/>
      </Unit31>
      <Unit32>
        <Filename Value="ReorderColumns.pas"/>
        <IsPartOfProject Value="True"/>
        <HasResources Value="True"/>
        <UnitName Value="ReorderColumns"/>
      </Unit32>
      <Unit33>
        <Filename Value="WindowLists.pas"/>
        <IsPartOfProject Value="True"/>
        <UnitName Value="WindowLists"/>
      </Unit33>
      <Unit34>
        <Filename Value="EditorGenerator.pas"/>
        <IsPartOfProject Value="True"/>
        <HasResources Value="True"/>
        <UnitName Value="EditorGenerator"/>
      </Unit34>
      <Unit35>
        <Filename Value="Login.pas"/>
        <IsPartOfProject Value="True"/>
        <HasResources Value="True"/>
        <UnitName Value="Login"/>
      </Unit35>
      <Unit36>
        <Filename Value="MetaDataSearchObject.pas"/>
        <IsPartOfProject Value="True"/>
        <UnitName Value="MetaDataSearchObject"/>
      </Unit36>
      <Unit37>
        <Filename Value="DebugWatches.pas"/>
        <IsPartOfProject Value="True"/>
        <HasResources Value="True"/>
        <UnitName Value="DebugWatches"/>
      </Unit37>
      <Unit38>
        <Filename Value="AddWatch.pas"/>
        <IsPartOfProject Value="True"/>
        <HasResources Value="True"/>
        <UnitName Value="AddWatch"/>
      </Unit38>
      <Unit39>
        <Filename Value="ParseCollection.pas"/>
        <IsPartOfProject Value="True"/>
        <UnitName Value="ParseCollection"/>
      </Unit39>
      <Unit40>
        <Filename Value="DebugEvalModify.pas"/>
        <IsPartOfProject Value="True"/>
        <HasResources Value="True"/>
        <UnitName Value="DebugEvalModify"/>
      </Unit40>
      <Unit41>
        <Filename Value="SQLYacc.pas"/>
        <IsPartOfProject Value="True"/>
        <UnitName Value="SQLYacc"/>
      </Unit41>
      <Unit42>
        <Filename Value="LexLib.pas"/>
        <IsPartOfProject Value="True"/>
        <UnitName Value="LexLib"/>
      </Unit42>
      <Unit43>
        <Filename Value="YaccLib.pas"/>
        <IsPartOfProject Value="True"/>
        <UnitName Value="YaccLib"/>
      </Unit43>
      <Unit44>
        <Filename Value="EditorGrant.pas"/>
        <IsPartOfProject Value="True"/>
        <HasResources Value="True"/>
        <UnitName Value="EditorGrant"/>
      </Unit44>
      <Unit45>
        <Filename Value="AddGrantee.pas"/>
        <IsPartOfProject Value="True"/>
        <HasResources Value="True"/>
        <UnitName Value="AddGrantee"/>
      </Unit45>
      <Unit46>
        <Filename Value="../Common/ChooseFolder.pas"/>
        <IsPartOfProject Value="True"/>
        <HasResources Value="True"/>
        <UnitName Value="ChooseFolder"/>
      </Unit46>
      <Unit47>
        <Filename Value="StoredProcParamWarn.pas"/>
        <IsPartOfProject Value="True"/>
        <HasResources Value="True"/>
        <UnitName Value="StoredProcParamWarn"/>
      </Unit47>
      <Unit48>
        <Filename Value="ArrayDialog.pas"/>
        <IsPartOfProject Value="True"/>
        <HasResources Value="True"/>
        <UnitName Value="ArrayDialog"/>
      </Unit48>
      <Unit49>
        <Filename Value="SQLAssistantDragAndDrop.pas"/>
        <IsPartOfProject Value="True"/>
        <HasResources Value="True"/>
        <UnitName Value="SQLAssistantDragAndDrop"/>
      </Unit49>
      <Unit50>
        <Filename Value="DatabaseManager.pas"/>
        <IsPartOfProject Value="True"/>
        <HasResources Value="True"/>
        <UnitName Value="DatabaseManager"/>
      </Unit50>
      <Unit51>
        <Filename Value="EditorSnippet.pas"/>
        <IsPartOfProject Value="True"/>
        <HasResources Value="True"/>
        <UnitName Value="EditorSnippet"/>
      </Unit51>
      <Unit52>
        <Filename Value="../Common/HelpMap.pas"/>
        <IsPartOfProject Value="True"/>
        <UnitName Value="HelpMap"/>
      </Unit52>
      <Unit53>
        <Filename Value="DescribeForm.pas"/>
        <IsPartOfProject Value="True"/>
        <HasResources Value="True"/>
        <UnitName Value="DescribeForm"/>
      </Unit53>
      <Unit54>
        <Filename Value="MarathonProjectCache.pas"/>
        <IsPartOfProject Value="True"/>
        <UnitName Value="MarathonProjectCache"/>
      </Unit54>
      <Unit55>
        <Filename Value="BaseDocumentForm.pas"/>
        <IsPartOfProject Value="True"/>
        <HasResources Value="True"/>
        <UnitName Value="BaseDocumentForm"/>
      </Unit55>
      <Unit56>
        <Filename Value="MarathonMasterProperties.pas"/>
        <IsPartOfProject Value="True"/>
        <HasResources Value="True"/>
        <UnitName Value="MarathonMasterProperties"/>
      </Unit56>
      <Unit57>
        <Filename Value="MarathonProjectCacheTypes.pas"/>
        <IsPartOfProject Value="True"/>
        <UnitName Value="MarathonProjectCacheTypes"/>
      </Unit57>
      <Unit58>
        <Filename Value="MarathonIDE.pas"/>
        <IsPartOfProject Value="True"/>
        <UnitName Value="MarathonIDE"/>
      </Unit58>
      <Unit59>
        <Filename Value="MarathonInternalInterfaces.pas"/>
        <IsPartOfProject Value="True"/>
        <UnitName Value="MarathonInternalInterfaces"/>
      </Unit59>
      <Unit60>
        <Filename Value="GimbalToolsAPI.pas"/>
        <IsPartOfProject Value="True"/>
        <UnitName Value="GimbalToolsAPI"/>
      </Unit60>
      <Unit61>
        <Filename Value="GimbalToolsAPIImpl.pas"/>
        <IsPartOfProject Value="True"/>
        <UnitName Value="GimbalToolsAPIImpl"/>
      </Unit61>
      <Unit62>
        <Filename Value="BaseDocumentDataAwareForm.pas"/>
        <IsPartOfProject Value="True"/>
        <HasResources Value="True"/>
        <UnitName Value="BaseDocumentDataAwareForm"/>
      </Unit62>
      <Unit63>
        <Filename Value="FrameMetadata.pas"/>
        <IsPartOfProject Value="True"/>
        <HasResources Value="True"/>
        <UnitName Value="FrameMetadata"/>
      </Unit63>
      <Unit64>
        <Filename Value="MenuModule.pas"/>
        <IsPartOfProject Value="True"/>
        <HasResources Value="True"/>
        <UnitName Value="MenuModule"/>
      </Unit64>
      <Unit65>
        <Filename Value="GlobalPrintingRoutines.pas"/>
        <IsPartOfProject Value="True"/>
        <HasResources Value="True"/>
        <UnitName Value="GlobalPrintingRoutines"/>
      </Unit65>
      <Unit66>
        <Filename Value="GlobalPrintDialog.pas"/>
        <IsPartOfProject Value="True"/>
        <HasResources Value="True"/>
        <UnitName Value="GlobalPrintDialog"/>
      </Unit66>
      <Unit67>
        <Filename Value="SelectConnectionDialog.pas"/>
        <IsPartOfProject Value="True"/>
        <HasResources Value="True"/>
        <UnitName Value="SelectConnectionDialog"/>
      </Unit67>
      <Unit68>
        <Filename Value="../CreateDBWizard/GSSCreateDatabaseConsts.pas"/>
        <IsPartOfProject Value="True"/>
        <UnitName Value="GSSCreateDatabaseConsts"/>
      </Unit68>
      <Unit69>
        <Filename Value="FrameDependencies.pas"/>
        <IsPartOfProject Value="True"/>
        <HasResources Value="True"/>
        <UnitName Value="FrameDependencies"/>
      </Unit69>
      <Unit70>
        <Filename Value="FrameDRUIMatrix.pas"/>
        <IsPartOfProject Value="True"/>
        <HasResources Value="True"/>
        <UnitName Value="FrameDRUIMatrix"/>
      </Unit70>
      <Unit71>
        <Filename Value="FramePermissions.pas"/>
        <IsPartOfProject Value="True"/>
        <HasResources Value="True"/>
        <UnitName Value="FramePermissions"/>
      </Unit71>
      <Unit72>
        <Filename Value="CompileDBObject.pas"/>
        <IsPartOfProject Value="True"/>
        <HasResources Value="True"/>
        <UnitName Value="CompileDBObject"/>
      </Unit72>
      <Unit73>
        <Filename Value="PluginsDialog.pas"/>
        <IsPartOfProject Value="True"/>
        <HasResources Value="True"/>
        <UnitName Value="PluginsDialog"/>
      </Unit73>
      <Unit74>
        <Filename Value="EditorTrigger.pas"/>
        <IsPartOfProject Value="True"/>
        <HasResources Value="True"/>
        <UnitName Value="EditorTrigger"/>
      </Unit74>
      <Unit75>
        <Filename Value="../Common/GSSRegistry.pas"/>
        <IsPartOfProject Value="True"/>
        <UnitName Value="GSSRegistry"/>
      </Unit75>
      <Unit76>
        <Filename Value="IBDebuggerVM.pas"/>
        <IsPartOfProject Value="True"/>
        <UnitName Value="IBDebuggerVM"/>
      </Unit76>
      <Unit77>
        <Filename Value="DebugAddBreakPoint.pas"/>
        <IsPartOfProject Value="True"/>
        <HasResources Value="True"/>
        <UnitName Value="DebugAddBreakPoint"/>
      </Unit77>
      <Unit78>
        <Filename Value="FrameDescription.pas"/>
        <IsPartOfProject Value="True"/>
        <HasResources Value="True"/>
        <UnitName Value="FrameDescription"/>
      </Unit78>
      <Unit79>
        <Filename Value="EditorDomain.pas"/>
        <IsPartOfProject Value="True"/>
        <HasResources Value="True"/>
        <UnitName Value="EditorDomain"/>
      </Unit79>
      <Unit80>
        <Filename Value="EditorTable.pas"/>
        <IsPartOfProject Value="True"/>
        <HasResources Value="True"/>
        <UnitName Value="EditorTable"/>
      </Unit80>
      <Unit81>
        <Filename Value="EditorException.pas"/>
        <IsPartOfProject Value="True"/>
        <HasResources Value="True"/>
        <UnitName Value="EditorException"/>
      </Unit81>
      <Unit82>
        <Filename Value="../MetaExtract/gssscript_TLB.pas"/>
        <IsPartOfProject Value="True"/>
        <UnitName Value="gssscript_TLB"/>
      </Unit82>
      <Unit83>
        <Filename Value="ScriptRecorder.pas"/>
        <IsPartOfProject Value="True"/>
        <HasResources Value="True"/>
        <UnitName Value="ScriptRecorder"/>
      </Unit83>
      <Unit84>
        <Filename Value="MarathonDragQueens.pas"/>
        <IsPartOfProject Value="True"/>
        <UnitName Value="MarathonDragQueens"/>
      </Unit84>
      <Unit85>
        <Filename Value="../Common/ScriptExecutive.pas"/>
        <IsPartOfProject Value="True"/>
        <UnitName Value="ScriptExecutive"/>
      </Unit85>
      <Unit86>
        <Filename Value="ManageBrowserItems.pas"/>
        <IsPartOfProject Value="True"/>
        <HasResources Value="True"/>
        <UnitName Value="ManageBrowserItems"/>
      </Unit86>
      <Unit87>
        <Filename Value="PlanUnit.pas"/>
        <IsPartOfProject Value="True"/>
        <UnitName Value="PlanUnit"/>
      </Unit87>
      <Unit88>
        <Filename Value="MarathonToolsAPIDocForm.pas"/>
        <IsPartOfProject Value="True"/>
        <HasResources Value="True"/>
        <UnitName Value="MarathonToolsAPIDocForm"/>
      </Unit88>
      <Unit89>
        <Filename Value="DebugBreakPoints.pas"/>
        <IsPartOfProject Value="True"/>
        <HasResources Value="True"/>
        <UnitName Value="DebugBreakPoints"/>
      </Unit89>
      <Unit90>
        <Filename Value="DebugCallStack.pas"/>
        <IsPartOfProject Value="True"/>
        <HasResources Value="True"/>
        <UnitName Value="DebugCallStack"/>
      </Unit90>
      <Unit91>
        <Filename Value="DebugLocalVariables.pas"/>
        <IsPartOfProject Value="True"/>
        <HasResources Value="True"/>
        <UnitName Value="DebugLocalVariables"/>
      </Unit91>
      <Unit92>
        <Filename Value="Crypt32.pas"/>
        <IsPartOfProject Value="True"/>
        <UnitName Value="Crypt32"/>
      </Unit92>
      <Unit93>
        <Filename Value="QBAppendTo.pas"/>
        <IsPartOfProject Value="True"/>
        <HasResources Value="True"/>
        <UnitName Value="QBAppendTo"/>
      </Unit93>
      <Unit94>
        <Filename Value="QBCriteria.pas"/>
        <IsPartOfProject Value="True"/>
        <HasResources Value="True"/>
        <UnitName Value="QBCriteria"/>
      </Unit94>
      <Unit95>
        <Filename Value="QBLnkFrm.pas"/>
        <IsPartOfProject Value="True"/>
        <HasResources Value="True"/>
        <UnitName Value="QBLnkFrm"/>
      </Unit95>
      <Unit96>
        <Filename Value="../Common/Tools.pas"/>
        <IsPartOfProject Value="True"/>
        <UnitName Value="Tools"/>
      </Unit96>
      <Unit97>
        <Filename Value="GlobalQueriesText.pas"/>
        <IsPartOfProject Value="True"/>
        <UnitName Value="GlobalQueriesText"/>
      </Unit97>
      <Unit98>
        <Filename Value="rmCollectionListBox.pas"/>
        <IsPartOfProject Value="True"/>
        <UnitName Value="rmCollectionListBox"/>
      </Unit98>
      <Unit99>
        <Filename Value="rmCompatControls.pas"/>
        <IsPartOfProject Value="True"/>
        <UnitName Value="rmCompatControls"/>
      </Unit99>
      <Unit100>
        <Filename Value="PagePrnt.pas"/>
        <IsPartOfProject Value="True"/>
        <UnitName Value="PagePrnt"/>
      </Unit100>
      <Unit101>
        <Filename Value="DSprint.pas"/>
        <IsPartOfProject Value="True"/>
        <UnitName Value="DSprint"/>
      </Unit101>
      <Unit102>
        <Filename Value="Chart.pas"/>
        <IsPartOfProject Value="True"/>
        <UnitName Value="Chart"/>
      </Unit102>
      <Unit103>
        <Filename Value="rmSpin.pas"/>
        <IsPartOfProject Value="True"/>
        <UnitName Value="rmSpin"/>
      </Unit103>
      <Unit104>
        <Filename Value="Series.pas"/>
        <IsPartOfProject Value="True"/>
        <UnitName Value="Series"/>
      </Unit104>
      <Unit105>
        <Filename Value="TeeProcs.pas"/>
        <IsPartOfProject Value="True"/>
        <UnitName Value="TeeProcs"/>
      </Unit105>
      <Unit106>
        <Filename Value="TeEngine.pas"/>
        <IsPartOfProject Value="True"/>
        <UnitName Value="TeEngine"/>
      </Unit106>
      <Unit107>
        <Filename Value="AboutBox.pas"/>
        <IsPartOfProject Value="True"/>
        <UnitName Value="AboutBox"/>
      </Unit107>
      <Unit108>
        <Filename Value="IBSQLMonitor.pas"/>
        <IsPartOfProject Value="True"/>
        <UnitName Value="IBSQLMonitor"/>
      </Unit108>
    </Units>
  </ProjectOptions>
  <CompilerOptions>
    <Version Value="12"/>
    <SearchPaths>
      <IncludeFiles Value="../Common;../CreateDBWizard;../MetaExtract;../../lib/Other;../../lib/SyntaxMemoWithStuff2;$(ProjOutDir)"/>
      <OtherUnitFiles Value="../Common;../CreateDBWizard;../MetaExtract;../../lib/Other;../../lib/SyntaxMemoWithStuff2"/>
    </SearchPaths>
    <Parsing>
      <SyntaxOptions>
        <SyntaxMode Value="Delphi"/>
      </SyntaxOptions>
    </Parsing>
    <CodeGeneration>
      <TargetCPU Value="x86_64"/>
      <TargetOS Value="linux"/>
    </CodeGeneration>
    <Linking>
      <Options>
        <Win32>
          <GraphicApplication Value="True"/>
        </Win32>
      </Options>
    </Linking>
    <Other>
      <CompilerMessages>
        <MsgFileName Value=""/>
      </CompilerMessages>
      <CompilerPath Value="$(CompPath)"/>
    </Other>
  </CompilerOptions>
  <Debugging>
    <Exceptions Count="3">
      <Item1>
        <Name Value="EAbort"/>
      </Item1>
      <Item2>
        <Name Value="ECodetoolError"/>
      </Item2>
      <Item3>
        <Name Value="EFOpenError"/>
      </Item3>
    </Exceptions>
  </Debugging>
</CONFIG>
